{
  "version": 4,
  "terraform_version": "1.12.2",
  "serial": 1,
  "lineage": "3bc4f624-bcbf-e341-f307-53af9af8680e",
  "outputs": {},
  "resources": [
    {
      "module": "module.rg_module",
      "mode": "managed",
      "type": "azurerm_resource_group",
      "name": "rg_block",
      "provider": "provider[\"registry.terraform.io/hashicorp/azurerm\"]",
      "instances": [
        {
          "index_key": "rg1",
          "schema_version": 0,
          "attributes": {
            "id": "/subscriptions/0d1f337b-95f9-4b75-a683-8bc0ac9e4214/resourceGroups/vishal-rg1",
            "location": "westus",
            "managed_by": "",
            "name": "vishal-rg1",
            "tags": null,
            "timeouts": null
          },
          "sensitive_attributes": [],
          "identity_schema_version": 0,
          "private": "eyJlMmJmYjczMC1lY2FhLTExZTYtOGY4OC0zNDM2M2JjN2M0YzAiOnsiY3JlYXRlIjo1NDAwMDAwMDAwMDAwLCJkZWxldGUiOjU0MDAwMDAwMDAwMDAsInJlYWQiOjMwMDAwMDAwMDAwMCwidXBkYXRlIjo1NDAwMDAwMDAwMDAwfX0="
        }
      ]
    }
  ],
  "check_results": null
}
